Microsoft Visual Studio Solution File, Format Version 12.00
# Visual Studio 15
VisualStudioVersion = 15.0.26403.3
MinimumVisualStudioVersion = 10.0.40219.1
Project("{002A2DE9-8BB6-484D-9802-7E4AD4084715}") = "dbd", ".dub\dbd.visualdproj", "{8DC44D6F-4469-467B-9593-E77A10240D8D}"
	ProjectSection(ProjectDependencies) = postProject
		{C3D72F37-BF38-4BED-8246-0ABAA6E1F49F} = {C3D72F37-BF38-4BED-8246-0ABAA6E1F49F}
		{B8074BF4-B3EE-4213-945B-196D46283530} = {B8074BF4-B3EE-4213-945B-196D46283530}
		{54FF1D22-2DF9-4196-AAC7-261E2E45C5A3} = {54FF1D22-2DF9-4196-AAC7-261E2E45C5A3}
		{445485B1-6285-488A-88FC-00EE5A2D999A} = {445485B1-6285-488A-88FC-00EE5A2D999A}
		{47E49DD8-8D84-432D-8CD3-A9D508BF0E4C} = {47E49DD8-8D84-432D-8CD3-A9D508BF0E4C}
		{54942EAC-9599-4DD0-A529-F9B91C445BC6} = {54942EAC-9599-4DD0-A529-F9B91C445BC6}
		{97441E46-189A-41D0-B434-D0C2A0D9891C} = {97441E46-189A-41D0-B434-D0C2A0D9891C}
		{CF7A9870-B4C6-4CB7-879D-AE652681F24E} = {CF7A9870-B4C6-4CB7-879D-AE652681F24E}
		{1EE82215-1F76-4F4E-9A58-278B42958EF6} = {1EE82215-1F76-4F4E-9A58-278B42958EF6}
		{9AC48400-C355-43C9-8496-22CE1CFF5F96} = {9AC48400-C355-43C9-8496-22CE1CFF5F96}
		{FE4C1966-D3D8-492F-866D-33B16C34D41C} = {FE4C1966-D3D8-492F-866D-33B16C34D41C}
	EndProjectSection
EndProject
Project("{002A2DE9-8BB6-484D-9802-7E4AD4084715}") = "jin-tree", ".dub\jin-tree.visualdproj", "{C3D72F37-BF38-4BED-8246-0ABAA6E1F49F}"
EndProject
Project("{002A2DE9-8BB6-484D-9802-7E4AD4084715}") = "vibe-d_http", ".dub\vibe-d_http.visualdproj", "{B8074BF4-B3EE-4213-945B-196D46283530}"
EndProject
Project("{002A2DE9-8BB6-484D-9802-7E4AD4084715}") = "diet-ng", ".dub\diet-ng.visualdproj", "{54FF1D22-2DF9-4196-AAC7-261E2E45C5A3}"
EndProject
Project("{002A2DE9-8BB6-484D-9802-7E4AD4084715}") = "vibe-d_crypto", ".dub\vibe-d_crypto.visualdproj", "{445485B1-6285-488A-88FC-00EE5A2D999A}"
EndProject
Project("{002A2DE9-8BB6-484D-9802-7E4AD4084715}") = "vibe-d_core", ".dub\vibe-d_core.visualdproj", "{1EE82215-1F76-4F4E-9A58-278B42958EF6}"
EndProject
Project("{002A2DE9-8BB6-484D-9802-7E4AD4084715}") = "vibe-d_data", ".dub\vibe-d_data.visualdproj", "{9AC48400-C355-43C9-8496-22CE1CFF5F96}"
EndProject
Project("{002A2DE9-8BB6-484D-9802-7E4AD4084715}") = "vibe-d_utils", ".dub\vibe-d_utils.visualdproj", "{FE4C1966-D3D8-492F-866D-33B16C34D41C}"
EndProject
Project("{002A2DE9-8BB6-484D-9802-7E4AD4084715}") = "vibe-d_inet", ".dub\vibe-d_inet.visualdproj", "{47E49DD8-8D84-432D-8CD3-A9D508BF0E4C}"
EndProject
Project("{002A2DE9-8BB6-484D-9802-7E4AD4084715}") = "vibe-d_stream", ".dub\vibe-d_stream.visualdproj", "{CF7A9870-B4C6-4CB7-879D-AE652681F24E}"
EndProject
Project("{002A2DE9-8BB6-484D-9802-7E4AD4084715}") = "vibe-d_textfilter", ".dub\vibe-d_textfilter.visualdproj", "{54942EAC-9599-4DD0-A529-F9B91C445BC6}"
EndProject
Project("{002A2DE9-8BB6-484D-9802-7E4AD4084715}") = "vibe-d_tls", ".dub\vibe-d_tls.visualdproj", "{97441E46-189A-41D0-B434-D0C2A0D9891C}"
EndProject
Global
	GlobalSection(Performance) = preSolution
		HasPerformanceSessions = true
	EndGlobalSection
	GlobalSection(SolutionConfigurationPlatforms) = preSolution
		debug|Win32 = debug|Win32
	EndGlobalSection
	GlobalSection(ProjectConfigurationPlatforms) = postSolution
		{8DC44D6F-4469-467B-9593-E77A10240D8D}.debug|Win32.ActiveCfg = debug|Win32
		{8DC44D6F-4469-467B-9593-E77A10240D8D}.debug|Win32.Build.0 = debug|Win32
		{C3D72F37-BF38-4BED-8246-0ABAA6E1F49F}.debug|Win32.ActiveCfg = debug|Win32
		{C3D72F37-BF38-4BED-8246-0ABAA6E1F49F}.debug|Win32.Build.0 = debug|Win32
		{B8074BF4-B3EE-4213-945B-196D46283530}.debug|Win32.ActiveCfg = debug|Win32
		{B8074BF4-B3EE-4213-945B-196D46283530}.debug|Win32.Build.0 = debug|Win32
		{54FF1D22-2DF9-4196-AAC7-261E2E45C5A3}.debug|Win32.ActiveCfg = debug|Win32
		{54FF1D22-2DF9-4196-AAC7-261E2E45C5A3}.debug|Win32.Build.0 = debug|Win32
		{445485B1-6285-488A-88FC-00EE5A2D999A}.debug|Win32.ActiveCfg = debug|Win32
		{445485B1-6285-488A-88FC-00EE5A2D999A}.debug|Win32.Build.0 = debug|Win32
		{1EE82215-1F76-4F4E-9A58-278B42958EF6}.debug|Win32.ActiveCfg = debug|Win32
		{1EE82215-1F76-4F4E-9A58-278B42958EF6}.debug|Win32.Build.0 = debug|Win32
		{9AC48400-C355-43C9-8496-22CE1CFF5F96}.debug|Win32.ActiveCfg = debug|Win32
		{9AC48400-C355-43C9-8496-22CE1CFF5F96}.debug|Win32.Build.0 = debug|Win32
		{FE4C1966-D3D8-492F-866D-33B16C34D41C}.debug|Win32.ActiveCfg = debug|Win32
		{FE4C1966-D3D8-492F-866D-33B16C34D41C}.debug|Win32.Build.0 = debug|Win32
		{47E49DD8-8D84-432D-8CD3-A9D508BF0E4C}.debug|Win32.ActiveCfg = debug|Win32
		{47E49DD8-8D84-432D-8CD3-A9D508BF0E4C}.debug|Win32.Build.0 = debug|Win32
		{CF7A9870-B4C6-4CB7-879D-AE652681F24E}.debug|Win32.ActiveCfg = debug|Win32
		{CF7A9870-B4C6-4CB7-879D-AE652681F24E}.debug|Win32.Build.0 = debug|Win32
		{54942EAC-9599-4DD0-A529-F9B91C445BC6}.debug|Win32.ActiveCfg = debug|Win32
		{54942EAC-9599-4DD0-A529-F9B91C445BC6}.debug|Win32.Build.0 = debug|Win32
		{97441E46-189A-41D0-B434-D0C2A0D9891C}.debug|Win32.ActiveCfg = debug|Win32
		{97441E46-189A-41D0-B434-D0C2A0D9891C}.debug|Win32.Build.0 = debug|Win32
	EndGlobalSection
	GlobalSection(SolutionProperties) = preSolution
		HideSolutionNode = FALSE
	EndGlobalSection
EndGlobal
