Microsoft Visual Studio Solution File, Format Version 12.00
# Visual Studio 15
VisualStudioVersion = 15.0.26403.3
MinimumVisualStudioVersion = 10.0.40219.1
Project("{002A2DE9-8BB6-484D-9802-7E4AD4084715}") = "dbd", ".dub\dbd.visualdproj", "{DF6A9596-07A6-4C15-8BB8-766DD4A25B97}"
	ProjectSection(ProjectDependencies) = postProject
		{671FB45C-5474-40D6-96D0-087A723CB546} = {671FB45C-5474-40D6-96D0-087A723CB546}
		{6F9D166C-9A5D-4DFF-8A5C-1EB6FFA1E4B3} = {6F9D166C-9A5D-4DFF-8A5C-1EB6FFA1E4B3}
		{B7611CAC-2EDF-424E-A8F1-264C9E0DB600} = {B7611CAC-2EDF-424E-A8F1-264C9E0DB600}
		{A4BA3D09-AF45-47E7-9021-FA5B0A333FA2} = {A4BA3D09-AF45-47E7-9021-FA5B0A333FA2}
		{41639077-F50F-482A-BC57-641E159018C9} = {41639077-F50F-482A-BC57-641E159018C9}
		{30C74D9C-68C5-4B87-BED9-2DA8DFDFCEA7} = {30C74D9C-68C5-4B87-BED9-2DA8DFDFCEA7}
		{B28AC3BA-7D6C-47D3-B2C5-653853BC9003} = {B28AC3BA-7D6C-47D3-B2C5-653853BC9003}
		{95F1D723-EB5C-4876-ADBA-C760CD6C5729} = {95F1D723-EB5C-4876-ADBA-C760CD6C5729}
		{B465A909-23DC-4234-B289-6EB75F4B3062} = {B465A909-23DC-4234-B289-6EB75F4B3062}
		{E6CDE5CC-F22B-41E4-9C3A-D17B3DD87D49} = {E6CDE5CC-F22B-41E4-9C3A-D17B3DD87D49}
		{A90D69CE-9AB0-45B9-A8A8-582D0B199516} = {A90D69CE-9AB0-45B9-A8A8-582D0B199516}
	EndProjectSection
EndProject
Project("{002A2DE9-8BB6-484D-9802-7E4AD4084715}") = "jin-tree", ".dub\jin-tree.visualdproj", "{671FB45C-5474-40D6-96D0-087A723CB546}"
EndProject
Project("{002A2DE9-8BB6-484D-9802-7E4AD4084715}") = "vibe-d_http", ".dub\vibe-d_http.visualdproj", "{6F9D166C-9A5D-4DFF-8A5C-1EB6FFA1E4B3}"
EndProject
Project("{002A2DE9-8BB6-484D-9802-7E4AD4084715}") = "diet-ng", ".dub\diet-ng.visualdproj", "{B7611CAC-2EDF-424E-A8F1-264C9E0DB600}"
EndProject
Project("{002A2DE9-8BB6-484D-9802-7E4AD4084715}") = "vibe-d_crypto", ".dub\vibe-d_crypto.visualdproj", "{A4BA3D09-AF45-47E7-9021-FA5B0A333FA2}"
EndProject
Project("{002A2DE9-8BB6-484D-9802-7E4AD4084715}") = "vibe-d_core", ".dub\vibe-d_core.visualdproj", "{B465A909-23DC-4234-B289-6EB75F4B3062}"
EndProject
Project("{002A2DE9-8BB6-484D-9802-7E4AD4084715}") = "vibe-d_data", ".dub\vibe-d_data.visualdproj", "{E6CDE5CC-F22B-41E4-9C3A-D17B3DD87D49}"
EndProject
Project("{002A2DE9-8BB6-484D-9802-7E4AD4084715}") = "vibe-d_utils", ".dub\vibe-d_utils.visualdproj", "{A90D69CE-9AB0-45B9-A8A8-582D0B199516}"
EndProject
Project("{002A2DE9-8BB6-484D-9802-7E4AD4084715}") = "vibe-d_inet", ".dub\vibe-d_inet.visualdproj", "{41639077-F50F-482A-BC57-641E159018C9}"
EndProject
Project("{002A2DE9-8BB6-484D-9802-7E4AD4084715}") = "vibe-d_stream", ".dub\vibe-d_stream.visualdproj", "{95F1D723-EB5C-4876-ADBA-C760CD6C5729}"
EndProject
Project("{002A2DE9-8BB6-484D-9802-7E4AD4084715}") = "vibe-d_textfilter", ".dub\vibe-d_textfilter.visualdproj", "{30C74D9C-68C5-4B87-BED9-2DA8DFDFCEA7}"
EndProject
Project("{002A2DE9-8BB6-484D-9802-7E4AD4084715}") = "vibe-d_tls", ".dub\vibe-d_tls.visualdproj", "{B28AC3BA-7D6C-47D3-B2C5-653853BC9003}"
EndProject
Global
	GlobalSection(SolutionConfigurationPlatforms) = preSolution
		debug|Win32 = debug|Win32
	EndGlobalSection
	GlobalSection(ProjectConfigurationPlatforms) = postSolution
		{DF6A9596-07A6-4C15-8BB8-766DD4A25B97}.debug|Win32.ActiveCfg = debug|Win32
		{DF6A9596-07A6-4C15-8BB8-766DD4A25B97}.debug|Win32.Build.0 = debug|Win32
		{671FB45C-5474-40D6-96D0-087A723CB546}.debug|Win32.ActiveCfg = debug|Win32
		{671FB45C-5474-40D6-96D0-087A723CB546}.debug|Win32.Build.0 = debug|Win32
		{6F9D166C-9A5D-4DFF-8A5C-1EB6FFA1E4B3}.debug|Win32.ActiveCfg = debug|Win32
		{6F9D166C-9A5D-4DFF-8A5C-1EB6FFA1E4B3}.debug|Win32.Build.0 = debug|Win32
		{B7611CAC-2EDF-424E-A8F1-264C9E0DB600}.debug|Win32.ActiveCfg = debug|Win32
		{B7611CAC-2EDF-424E-A8F1-264C9E0DB600}.debug|Win32.Build.0 = debug|Win32
		{A4BA3D09-AF45-47E7-9021-FA5B0A333FA2}.debug|Win32.ActiveCfg = debug|Win32
		{A4BA3D09-AF45-47E7-9021-FA5B0A333FA2}.debug|Win32.Build.0 = debug|Win32
		{B465A909-23DC-4234-B289-6EB75F4B3062}.debug|Win32.ActiveCfg = debug|Win32
		{B465A909-23DC-4234-B289-6EB75F4B3062}.debug|Win32.Build.0 = debug|Win32
		{E6CDE5CC-F22B-41E4-9C3A-D17B3DD87D49}.debug|Win32.ActiveCfg = debug|Win32
		{E6CDE5CC-F22B-41E4-9C3A-D17B3DD87D49}.debug|Win32.Build.0 = debug|Win32
		{A90D69CE-9AB0-45B9-A8A8-582D0B199516}.debug|Win32.ActiveCfg = debug|Win32
		{A90D69CE-9AB0-45B9-A8A8-582D0B199516}.debug|Win32.Build.0 = debug|Win32
		{41639077-F50F-482A-BC57-641E159018C9}.debug|Win32.ActiveCfg = debug|Win32
		{41639077-F50F-482A-BC57-641E159018C9}.debug|Win32.Build.0 = debug|Win32
		{95F1D723-EB5C-4876-ADBA-C760CD6C5729}.debug|Win32.ActiveCfg = debug|Win32
		{95F1D723-EB5C-4876-ADBA-C760CD6C5729}.debug|Win32.Build.0 = debug|Win32
		{30C74D9C-68C5-4B87-BED9-2DA8DFDFCEA7}.debug|Win32.ActiveCfg = debug|Win32
		{30C74D9C-68C5-4B87-BED9-2DA8DFDFCEA7}.debug|Win32.Build.0 = debug|Win32
		{B28AC3BA-7D6C-47D3-B2C5-653853BC9003}.debug|Win32.ActiveCfg = debug|Win32
		{B28AC3BA-7D6C-47D3-B2C5-653853BC9003}.debug|Win32.Build.0 = debug|Win32
	EndGlobalSection
	GlobalSection(SolutionProperties) = preSolution
		HideSolutionNode = FALSE
	EndGlobalSection
	GlobalSection(Performance) = preSolution
		HasPerformanceSessions = true
	EndGlobalSection
EndGlobal
